
Microsoft Visual Studio Solution File, Format Version 12.00
# Visual Studio Version 17
VisualStudioVersion = 17.5.33516.290
MinimumVisualStudioVersion = 10.0.40219.1
Project("{9A19103F-16F7-4668-BE54-9A1E7A4F7556}") = "JwtAuthDemo", "JwtAuthDemo\JwtAuthDemo.csproj", "{2C9D5844-7B29-4D2A-A9DA-64B3FFF9AD1F}"
EndProject
Project("{2150E333-8FDC-42A3-9474-1A3956D46DE8}") = "方案項目", "方案項目", "{CE8132DD-89F7-4A46-98FC-AF0F5C8E91E4}"
	ProjectSection(SolutionItems) = preProject
		README.md = README.md
	EndProjectSection
EndProject
Project("{2150E333-8FDC-42A3-9474-1A3956D46DE8}") = "pictures", "pictures", "{533EF6B9-6A8E-4580-8A83-08A68A9C529C}"
	ProjectSection(SolutionItems) = preProject
		pictures\Lab05_01_create_webapi_proj.png = pictures\Lab05_01_create_webapi_proj.png
		pictures\Lab05_02_add_git.png = pictures\Lab05_02_add_git.png
		pictures\Lab05_03_add_Microsoft.AspNetCore.Authentication.JwtBearer.png = pictures\Lab05_03_add_Microsoft.AspNetCore.Authentication.JwtBearer.png
		pictures\Lab05_04_add_verify_by_swagger_ui.png = pictures\Lab05_04_add_verify_by_swagger_ui.png
		pictures\Lab05_05_add_verify_by_postman.png = pictures\Lab05_05_add_verify_by_postman.png
		pictures\Lab05_11_add_LoginController.png = pictures\Lab05_11_add_LoginController.png
		pictures\Lab05_12_add_LoginController.png = pictures\Lab05_12_add_LoginController.png
		pictures\Lab05_16_verify_by_swagger_ui.png = pictures\Lab05_16_verify_by_swagger_ui.png
		pictures\Lab05_17_signin_get_jwt_token.png = pictures\Lab05_17_signin_get_jwt_token.png
		pictures\Lab05_18_jwt_get_all_claims_OK.png = pictures\Lab05_18_jwt_get_all_claims_OK.png
		pictures\Lab05_21_signin_get_token_OK.png = pictures\Lab05_21_signin_get_token_OK.png
		pictures\Lab05_22_jwt_get_all_claims_OK.png = pictures\Lab05_22_jwt_get_all_claims_OK.png
		pictures\Lab05_23_jwt_get_username_OK.png = pictures\Lab05_23_jwt_get_username_OK.png
		pictures\Lab05_24_jwt_get_jwt_id_OK.png = pictures\Lab05_24_jwt_get_jwt_id_OK.png
		pictures\Lab05_25_jwt_is_in_role_OK.png = pictures\Lab05_25_jwt_is_in_role_OK.png
		pictures\Lab05_31_postman_environment.png = pictures\Lab05_31_postman_environment.png
		pictures\Lab05_32_postman_get_claims_settings.png = pictures\Lab05_32_postman_get_claims_settings.png
	EndProjectSection
EndProject
Global
	GlobalSection(SolutionConfigurationPlatforms) = preSolution
		Debug|Any CPU = Debug|Any CPU
		Release|Any CPU = Release|Any CPU
	EndGlobalSection
	GlobalSection(ProjectConfigurationPlatforms) = postSolution
		{2C9D5844-7B29-4D2A-A9DA-64B3FFF9AD1F}.Debug|Any CPU.ActiveCfg = Debug|Any CPU
		{2C9D5844-7B29-4D2A-A9DA-64B3FFF9AD1F}.Debug|Any CPU.Build.0 = Debug|Any CPU
		{2C9D5844-7B29-4D2A-A9DA-64B3FFF9AD1F}.Release|Any CPU.ActiveCfg = Release|Any CPU
		{2C9D5844-7B29-4D2A-A9DA-64B3FFF9AD1F}.Release|Any CPU.Build.0 = Release|Any CPU
	EndGlobalSection
	GlobalSection(SolutionProperties) = preSolution
		HideSolutionNode = FALSE
	EndGlobalSection
	GlobalSection(NestedProjects) = preSolution
		{533EF6B9-6A8E-4580-8A83-08A68A9C529C} = {CE8132DD-89F7-4A46-98FC-AF0F5C8E91E4}
	EndGlobalSection
	GlobalSection(ExtensibilityGlobals) = postSolution
		SolutionGuid = {8DC4DD8F-A14E-4296-BC2C-6A3D52ECAA0A}
	EndGlobalSection
EndGlobal
